%{"floki": {:hex, :floki, "0.7.2", "8a3eabd1273de907e83401b8690352d2fe3530b35684ce32c4ce22323e507a9b", [:mix], [{:mochiweb, "~> 2.12.2", [hex: :mochiweb, optional: false]}]},
  "httpotion": {:hex, :httpotion, "3.0.0", "4ce0af28f4254bdd0457d0fe065a83787751e0a5b5f5d27030948253be38df5c", [:mix], [{:ibrowse, "~> 4.2", [hex: :ibrowse, optional: false]}]},
  "ibrowse": {:hex, :ibrowse, "4.2.2", "b32b5bafcc77b7277eff030ed32e1acc3f610c64e9f6aea19822abcadf681b4b", [:rebar3], []},
  "meck": {:hex, :meck, "0.8.4", "59ca1cd971372aa223138efcf9b29475bde299e1953046a0c727184790ab1520", [:rebar, :make], []},
  "mochiweb": {:hex, :mochiweb, "2.12.2", "80804ad342afa3d7f3524040d4eed66ce74b17a555de454ac85b07c479928e46", [:make, :rebar], []},
  "mock": {:hex, :mock, "0.1.1", "e21469ca27ba32aa7b18b61699db26f7a778171b21c0e5deb6f1218a53278574", [:mix], [{:meck, "~> 0.8.2", [hex: :meck, optional: false]}]}}
